github.com/fatih/color v1.15.0 h1:kOqh6YHBtK8aywxGerMG2Eq3H6Qgoqeo13Bk2Mv/nBs=
github.com/fatih/color v1.15.0/go.mod h1:0h5ZqXfHYED7Bhv2ZJamyIOUej9KtShiJESRwBDUSsw=
github.com/mattn/go-colorable v0.1.13 h1:fFA4WZxdEF4tXPZVKMLwD8oUnCTTo08duU7wxecdEvA=
github.com/mattn/go-colorable v0.1.13/go.mod h1:7S9/ev0klgBDR4GtXTXX8a3vIGJpMovkB8vQcUbaXHg=
github.com/mattn/go-isatty v0.0.16/go.mod h1:kYGgaQfpe5nmfYZH+SKPsOc2e4SrIfOl2e/yFXSvRLM=
github.com/mattn/go-isatty v0.0.19 h1:JITubQf0MOLdlGRuRq+jtsDlekdYPia9ZFsB8h/APPA=
github.com/mattn/go-isatty v0.0.19/go.mod h1:W+V8PltTTMOvKvAeJH7IuucS94S2C6jfK/D7dTCTo3Y=
github.com/petersalex27/yew-packages v0.0.0-20231005000203-b50d90ad3f61 h1:SDfK7Gm3L/Oo3dFbt/QsueQc8hbIqWFLQWSK5Qj6dyA=
github.com/petersalex27/yew-packages v0.0.0-20231005000203-b50d90ad3f61/go.mod h1:f2isy8wSZkx5heSRBcqQCdjkNVpaNRM70e7Bx8+j4f8=
github.com/petersalex27/yew-packages/equality v0.0.0-20231003031741-ea929e3ab360 h1:Dd+EYslptHmdI0DdSLr4j+aLs1IcCSChcGhhz3v+22A=
github.com/petersalex27/yew-packages/equality v0.0.0-20231003031741-ea929e3ab360/go.mod h1:9FSrD3+EndW0JShE7heNtzqxxCJzJS7qQI3AsEQ83Ew=
github.com/petersalex27/yew-packages/errors v0.0.0-20231003031741-ea929e3ab360 h1:wqnSG28u7k4Nbaxte2b63N+6BeJaE1j37YII5g6Meq4=
github.com/petersalex27/yew-packages/errors v0.0.0-20231003031741-ea929e3ab360/go.mod h1:yO3ffngpvziJJ9bkL6LAE1JA3ILbd0mpICJ59R4OgzY=
github.com/petersalex27/yew-packages/expr v0.0.0-20231003031741-ea929e3ab360 h1:gEBMBsbbYDSxeTzTrEl9e2dmsnxx9xSnmr9Hmq8ZvdI=
github.com/petersalex27/yew-packages/expr v0.0.0-20231003031741-ea929e3ab360/go.mod h1:bUHfnTn2TABcDRJJXU17BQo6I53ANt65yTHr9MHukw4=
github.com/petersalex27/yew-packages/expr v0.0.0-20231003211931-6352ac6d9c0b h1:fLMKcXZDAOoRWRbgKuhtbqVc8/Wdt0qL5SOtyVSV8x8=
github.com/petersalex27/yew-packages/expr v0.0.0-20231003211931-6352ac6d9c0b/go.mod h1:bUHfnTn2TABcDRJJXU17BQo6I53ANt65yTHr9MHukw4=
github.com/petersalex27/yew-packages/expr v0.0.0-20231003233458-1581b9c3e3da h1:Asq7NP7zBftpcMrhnE1GJeJ4PXappK//Y1ldglz2wng=
github.com/petersalex27/yew-packages/expr v0.0.0-20231003233458-1581b9c3e3da/go.mod h1:bUHfnTn2TABcDRJJXU17BQo6I53ANt65yTHr9MHukw4=
github.com/petersalex27/yew-packages/expr v0.0.0-20231004194329-94387bafe6b8 h1:xujPgcz5HNH0ClKd/pGhUJoJM96eV9Yf1+D15+9ZHJ4=
github.com/petersalex27/yew-packages/expr v0.0.0-20231004194329-94387bafe6b8/go.mod h1:bUHfnTn2TABcDRJJXU17BQo6I53ANt65yTHr9MHukw4=
github.com/petersalex27/yew-packages/expr v0.0.0-20231005000203-b50d90ad3f61 h1:s1I5vHpd7BPilRGWgxt951wbFIheaX+LvsYTy1Vxa+I=
github.com/petersalex27/yew-packages/expr v0.0.0-20231005000203-b50d90ad3f61/go.mod h1:bUHfnTn2TABcDRJJXU17BQo6I53ANt65yTHr9MHukw4=
github.com/petersalex27/yew-packages/fun v0.0.0-20231003031741-ea929e3ab360 h1:ozRSkSH3Mv5d1sApNNG9Km/GoKpMSeJVEJ+W4Mq8JoA=
github.com/petersalex27/yew-packages/fun v0.0.0-20231003031741-ea929e3ab360/go.mod h1:IUku/vaCvNChsy43bc2Ztgm4jGyYZUJKmtY2oUAecIY=
github.com/petersalex27/yew-packages/lexer v0.0.0-20231003031741-ea929e3ab360 h1:LrbBqJXjmgPlmpHPEUJ+dT/6VXcOLu7SQvguJIFVOoo=
github.com/petersalex27/yew-packages/lexer v0.0.0-20231003031741-ea929e3ab360/go.mod h1:D4JrE+0J0hQ8qc3GPINHw/xyuehtWn6FapJN6jI7IiM=
github.com/petersalex27/yew-packages/lexer v0.0.0-20231003211931-6352ac6d9c0b h1:A7wsGZTxRcfqcwW6i5OSwoEze6pvVFffSckbxnoGQhU=
github.com/petersalex27/yew-packages/lexer v0.0.0-20231003211931-6352ac6d9c0b/go.mod h1:D4JrE+0J0hQ8qc3GPINHw/xyuehtWn6FapJN6jI7IiM=
github.com/petersalex27/yew-packages/lexer v0.0.0-20231005234018-86372fe4a5de h1:3S82OmW/yQQnV5erZp4u1bXZ1DfB9hHhIPEZCUfInZ0=
github.com/petersalex27/yew-packages/lexer v0.0.0-20231005234018-86372fe4a5de/go.mod h1:D4JrE+0J0hQ8qc3GPINHw/xyuehtWn6FapJN6jI7IiM=
github.com/petersalex27/yew-packages/nameable v0.0.0-20231003031741-ea929e3ab360 h1:2ZFRdZTBLBBCA06V5sFreXwiplyJ3PJwOUTC+N/TzL0=
github.com/petersalex27/yew-packages/nameable v0.0.0-20231003031741-ea929e3ab360/go.mod h1:F9amyHu+dehoAn92BeuZhqJKzY90cut9FYYCeyP7p6M=
github.com/petersalex27/yew-packages/parser v0.0.0-20231003031741-ea929e3ab360 h1:CnhiRkbTUGtvv/GgcNEjzoLwPLrpkmTNIjpMhsbIXPs=
github.com/petersalex27/yew-packages/parser v0.0.0-20231003031741-ea929e3ab360/go.mod h1:r5uL+cTwk4owI9MkLEmhb9lLbI7nzKSupOI1I4xxRBM=
github.com/petersalex27/yew-packages/parser v0.0.0-20231003185600-667c1eb14677 h1:hDEW4EZJjc7R13YajWihcAGPwt6BR4EYd9SCcC/5+P0=
github.com/petersalex27/yew-packages/parser v0.0.0-20231003185600-667c1eb14677/go.mod h1:r5uL+cTwk4owI9MkLEmhb9lLbI7nzKSupOI1I4xxRBM=
github.com/petersalex27/yew-packages/parser v0.0.0-20231003211931-6352ac6d9c0b h1:gL8GVIfKD/3X0HPlpmgVCyBeJZjPGXtAWRy0rNsF1YM=
github.com/petersalex27/yew-packages/parser v0.0.0-20231003211931-6352ac6d9c0b/go.mod h1:r5uL+cTwk4owI9MkLEmhb9lLbI7nzKSupOI1I4xxRBM=
github.com/petersalex27/yew-packages/parser v0.0.0-20231006180127-c244a4b49251 h1:Cvpx7TjWnjtbrepz0eaR6KkbJtO0zQoGYnZtnygxrCk=
github.com/petersalex27/yew-packages/parser v0.0.0-20231006180127-c244a4b49251/go.mod h1:r5uL+cTwk4owI9MkLEmhb9lLbI7nzKSupOI1I4xxRBM=
github.com/petersalex27/yew-packages/source v0.0.0-20231003031741-ea929e3ab360 h1:ZQb+EAalR5qHQWRQ0JD8Fvsn+sGzYrF7RKMS1IXvu9w=
github.com/petersalex27/yew-packages/source v0.0.0-20231003031741-ea929e3ab360/go.mod h1:Kqf+tQSWdIsH+ss0SWIZxUhsGGMAxe+zbLf9Iz8SgQU=
github.com/petersalex27/yew-packages/source v0.0.0-20231005234018-86372fe4a5de h1:3g4E0QdbfQTsGpzyqYsSUoJ8qqJo1rD2BDGDM3QmiMg=
github.com/petersalex27/yew-packages/source v0.0.0-20231005234018-86372fe4a5de/go.mod h1:Kqf+tQSWdIsH+ss0SWIZxUhsGGMAxe+zbLf9Iz8SgQU=
github.com/petersalex27/yew-packages/stringable v0.0.0-20231003031741-ea929e3ab360 h1:Puvxt0KuP0EphqYLFuzlk90YcQEXctRvTxLS5TQVWR4=
github.com/petersalex27/yew-packages/stringable v0.0.0-20231003031741-ea929e3ab360/go.mod h1:SR30aaaPS4DBu/akw9QURHNdnw0tT9/dliWjUyIatKs=
github.com/petersalex27/yew-packages/token v0.0.0-20231003031741-ea929e3ab360 h1:vVpMGI+odL4AXmr/ycIzJL5DNexffBUgiV7sjLSDn0I=
github.com/petersalex27/yew-packages/token v0.0.0-20231003031741-ea929e3ab360/go.mod h1:P1WuiSyoOleawWvEzWT3ZRWg/nQrv9AEXBn4DEWwgqQ=
github.com/petersalex27/yew-packages/types v0.0.0-20231003031741-ea929e3ab360 h1:sY9qzcFd+DPvJ24KCyyjhP6CxG2T6liy4bzhs4er7QY=
github.com/petersalex27/yew-packages/types v0.0.0-20231003031741-ea929e3ab360/go.mod h1:L7iG2eFJTl39evmTUUUINhlzn/w3hdkdBFucVnH0Y34=
github.com/petersalex27/yew-packages/types v0.0.0-20231003185600-667c1eb14677 h1:VeBz1EeJbC6EV+ON13/QtK3Dk+DQN/PLzJmg8WopEFg=
github.com/petersalex27/yew-packages/types v0.0.0-20231003185600-667c1eb14677/go.mod h1:L7iG2eFJTl39evmTUUUINhlzn/w3hdkdBFucVnH0Y34=
github.com/petersalex27/yew-packages/types v0.0.0-20231003211931-6352ac6d9c0b h1:acPDkBqSa6yWu23ZKEIlryyZa02zcC6QdDBvDTZTKkY=
github.com/petersalex27/yew-packages/types v0.0.0-20231003211931-6352ac6d9c0b/go.mod h1:L7iG2eFJTl39evmTUUUINhlzn/w3hdkdBFucVnH0Y34=
github.com/petersalex27/yew-packages/types v0.0.0-20231004175028-35a7768c0e4a h1:6xXDq6LB5b1CFs2fLXiO47KPnA0IY6NbvgavY9+sOAg=
github.com/petersalex27/yew-packages/types v0.0.0-20231004175028-35a7768c0e4a/go.mod h1:L7iG2eFJTl39evmTUUUINhlzn/w3hdkdBFucVnH0Y34=
github.com/petersalex27/yew-packages/types v0.0.0-20231005000203-b50d90ad3f61 h1:AfXz63ZF4ank2UDC2Tv+B1+SO6Dg2MxJNsKQL5k1NR8=
github.com/petersalex27/yew-packages/types v0.0.0-20231005000203-b50d90ad3f61/go.mod h1:L7iG2eFJTl39evmTUUUINhlzn/w3hdkdBFucVnH0Y34=
github.com/petersalex27/yew-packages/types v0.0.0-20231005182202-940495b86a75 h1:GgK4Pb/ssodPaB6QhJsNArRk8GfYqWhgMm1mQ8otq5Q=
github.com/petersalex27/yew-packages/types v0.0.0-20231005182202-940495b86a75/go.mod h1:L7iG2eFJTl39evmTUUUINhlzn/w3hdkdBFucVnH0Y34=
github.com/petersalex27/yew-packages/types v0.0.0-20231005184234-7ad192560777 h1:z24PrG9HKmmg4qtgbvUVFtRk/CfQAlIY6E7aF9WE+y0=
github.com/petersalex27/yew-packages/types v0.0.0-20231005184234-7ad192560777/go.mod h1:L7iG2eFJTl39evmTUUUINhlzn/w3hdkdBFucVnH0Y34=
github.com/petersalex27/yew-packages/types v0.0.0-20231005185254-a60b8e980f12 h1:odk6RzW7RLmaA33G2B1Np53vOUhSIP469E4mGFm1ZWE=
github.com/petersalex27/yew-packages/types v0.0.0-20231005185254-a60b8e980f12/go.mod h1:L7iG2eFJTl39evmTUUUINhlzn/w3hdkdBFucVnH0Y34=
github.com/petersalex27/yew-packages/types v0.0.0-20231005190518-1b43ad1dcebc h1:yswxjXBgJl15KJTrsuD4ct3797aFmhnplPB2Y+AU6jA=
github.com/petersalex27/yew-packages/types v0.0.0-20231005190518-1b43ad1dcebc/go.mod h1:L7iG2eFJTl39evmTUUUINhlzn/w3hdkdBFucVnH0Y34=
github.com/petersalex27/yew-packages/types v0.0.0-20231005203821-217997b79fd4 h1:1e4rs6OJ2n5qaQoe6WH1dpKB15pynylK+x0w++BtYNo=
github.com/petersalex27/yew-packages/types v0.0.0-20231005203821-217997b79fd4/go.mod h1:L7iG2eFJTl39evmTUUUINhlzn/w3hdkdBFucVnH0Y34=
github.com/petersalex27/yew-packages/types v0.0.0-20231006001801-da5565ed834d h1:kZt1QCuGSdzLayzkERw3DrkAZX36Y3H3jQHbnIX9RgQ=
github.com/petersalex27/yew-packages/types v0.0.0-20231006001801-da5565ed834d/go.mod h1:L7iG2eFJTl39evmTUUUINhlzn/w3hdkdBFucVnH0Y34=
github.com/petersalex27/yew-packages/types v0.0.0-20231006193702-349ee5c21102 h1:EvA902LFOamr6KMQTvDDJSdQ4D5OBceaCUVuAqA4iw0=
github.com/petersalex27/yew-packages/types v0.0.0-20231006193702-349ee5c21102/go.mod h1:L7iG2eFJTl39evmTUUUINhlzn/w3hdkdBFucVnH0Y34=
github.com/petersalex27/yew-packages/types v0.0.0-20231007172227-6fe56e6164f7 h1:NVUK6LGeQlM8m1+ni8rw0/5E84f6mbMZu4tWCQF9Xk0=
github.com/petersalex27/yew-packages/types v0.0.0-20231007172227-6fe56e6164f7/go.mod h1:L7iG2eFJTl39evmTUUUINhlzn/w3hdkdBFucVnH0Y34=
github.com/petersalex27/yew-packages/types v0.0.0-20231007191107-b8ba562e14d5 h1:ZQ7UJiv6iSmQpgPgyERw2ZaTl3XKvtwkppZViTKMmgc=
github.com/petersalex27/yew-packages/types v0.0.0-20231007191107-b8ba562e14d5/go.mod h1:L7iG2eFJTl39evmTUUUINhlzn/w3hdkdBFucVnH0Y34=
github.com/petersalex27/yew-packages/util v0.0.0-20231003031741-ea929e3ab360 h1:tDYhaFLuIDY0sVWblAr4ftzUFBNKVaP07K0wkv/iTZ4=
github.com/petersalex27/yew-packages/util v0.0.0-20231003031741-ea929e3ab360/go.mod h1:zDtG3xFP3nukNZ1tVun7j5q9FhLediwYFLlXC/zTu0c=
golang.org/x/sys v0.0.0-20220811171246-fbc7d0a398ab/go.mod h1:oPkhp1MJrh7nUepCBck5+mAzfO9JrbApNNgaTdGDITg=
golang.org/x/sys v0.6.0/go.mod h1:oPkhp1MJrh7nUepCBck5+mAzfO9JrbApNNgaTdGDITg=
golang.org/x/sys v0.12.0 h1:CM0HF96J0hcLAwsHPJZjfdNzs0gftsLfgKt57wWHJ0o=
golang.org/x/sys v0.12.0/go.mod h1:oPkhp1MJrh7nUepCBck5+mAzfO9JrbApNNgaTdGDITg=
