github.com/fatih/color v1.15.0 h1:kOqh6YHBtK8aywxGerMG2Eq3H6Qgoqeo13Bk2Mv/nBs=
github.com/fatih/color v1.15.0/go.mod h1:0h5ZqXfHYED7Bhv2ZJamyIOUej9KtShiJESRwBDUSsw=
github.com/mattn/go-colorable v0.1.13 h1:fFA4WZxdEF4tXPZVKMLwD8oUnCTTo08duU7wxecdEvA=
github.com/mattn/go-colorable v0.1.13/go.mod h1:7S9/ev0klgBDR4GtXTXX8a3vIGJpMovkB8vQcUbaXHg=
github.com/mattn/go-isatty v0.0.16/go.mod h1:kYGgaQfpe5nmfYZH+SKPsOc2e4SrIfOl2e/yFXSvRLM=
github.com/mattn/go-isatty v0.0.19 h1:JITubQf0MOLdlGRuRq+jtsDlekdYPia9ZFsB8h/APPA=
github.com/mattn/go-isatty v0.0.19/go.mod h1:W+V8PltTTMOvKvAeJH7IuucS94S2C6jfK/D7dTCTo3Y=
github.com/petersalex27/yew-packages/errors v0.0.0-20230927032424-4d0ace921d2d h1:xnp1rKTyfiPjUtbsQqLjHP2x4gXcbwv3kMqalksYKSw=
github.com/petersalex27/yew-packages/errors v0.0.0-20230927032424-4d0ace921d2d/go.mod h1:yO3ffngpvziJJ9bkL6LAE1JA3ILbd0mpICJ59R4OgzY=
github.com/petersalex27/yew-packages/lexer v0.0.0-20230927032424-4d0ace921d2d h1:Xz7ZWi35LIbak1VFphCGHZZEma8fI5qRoxydSqgRdD4=
github.com/petersalex27/yew-packages/lexer v0.0.0-20230927032424-4d0ace921d2d/go.mod h1:D4JrE+0J0hQ8qc3GPINHw/xyuehtWn6FapJN6jI7IiM=
github.com/petersalex27/yew-packages/source v0.0.0-20230927032424-4d0ace921d2d h1:uc/Xptd/zA6uB1AZMxndYat8t1jEnfod0nWcAZVW8wY=
github.com/petersalex27/yew-packages/source v0.0.0-20230927032424-4d0ace921d2d/go.mod h1:Kqf+tQSWdIsH+ss0SWIZxUhsGGMAxe+zbLf9Iz8SgQU=
github.com/petersalex27/yew-packages/stringable v0.0.0-20230927032424-4d0ace921d2d h1:8A6/4dJcRqUHlUJT9Tr1Asn70cEvVbMWzmYomfdwM4k=
github.com/petersalex27/yew-packages/stringable v0.0.0-20230927032424-4d0ace921d2d/go.mod h1:SR30aaaPS4DBu/akw9QURHNdnw0tT9/dliWjUyIatKs=
github.com/petersalex27/yew-packages/token v0.0.0-20230927032424-4d0ace921d2d h1:Whf/T+959sIk9Xjz8s3C/pUzQIGXyCs5X8Etuw5p+bQ=
github.com/petersalex27/yew-packages/token v0.0.0-20230927032424-4d0ace921d2d/go.mod h1:P1WuiSyoOleawWvEzWT3ZRWg/nQrv9AEXBn4DEWwgqQ=
github.com/petersalex27/yew-packages/util v0.0.0-20230927032424-4d0ace921d2d h1:U9B0LrPEhjmmGo5qowU02Jc6Qz88bL0TLH2QgcI3+aA=
github.com/petersalex27/yew-packages/util v0.0.0-20230927032424-4d0ace921d2d/go.mod h1:zDtG3xFP3nukNZ1tVun7j5q9FhLediwYFLlXC/zTu0c=
golang.org/x/sys v0.0.0-20220811171246-fbc7d0a398ab/go.mod h1:oPkhp1MJrh7nUepCBck5+mAzfO9JrbApNNgaTdGDITg=
golang.org/x/sys v0.6.0/go.mod h1:oPkhp1MJrh7nUepCBck5+mAzfO9JrbApNNgaTdGDITg=
golang.org/x/sys v0.12.0 h1:CM0HF96J0hcLAwsHPJZjfdNzs0gftsLfgKt57wWHJ0o=
golang.org/x/sys v0.12.0/go.mod h1:oPkhp1MJrh7nUepCBck5+mAzfO9JrbApNNgaTdGDITg=
