github.com/antlr4-go/antlr v0.0.0-20230518091524-98b52378c522 h1:o+W7GDFUwWtVkN28CW/nhh/aCmHn6OJddUs3+8vMMjs=
github.com/antlr4-go/antlr v0.0.0-20230518091524-98b52378c522/go.mod h1:srLVvW4JLxy+tCG9Nn2l8al77mUIMCwAOLQocfLDU2w=
github.com/creack/pty v1.1.9/go.mod h1:oKZEueFk5CKHvIhNR5MUki03XCEU+Q6VDXinZuGJ33E=
github.com/fatih/color v1.15.0 h1:kOqh6YHBtK8aywxGerMG2Eq3H6Qgoqeo13Bk2Mv/nBs=
github.com/fatih/color v1.15.0/go.mod h1:0h5ZqXfHYED7Bhv2ZJamyIOUej9KtShiJESRwBDUSsw=
github.com/google/go-cmp v0.3.1/go.mod h1:8QqcDgzrUqlUb/G2PQTWiueGozuR1884gddMywk6iLU=
github.com/kr/pretty v0.2.0/go.mod h1:ipq/a2n7PKx3OHsz4KJII5eveXtPO4qwEXGdVfWzfnI=
github.com/kr/pty v1.1.1/go.mod h1:pFQYn66WHrOpPYNljwOMqo10TkYh1fy3cYio2l3bCsQ=
github.com/kr/text v0.1.0/go.mod h1:4Jbv+DJW3UT/LiOwJeYQe1efqtUx/iVham/4vfdArNI=
github.com/kr/text v0.2.0/go.mod h1:eLer722TekiGuMkidMxC/pM04lWEeraHUUmBw8l2grE=
github.com/llir/ll v0.0.0-20220802044011-65001c0fb73c/go.mod h1:2F+W9dmrXLYy3UZXnii5UM7QDRiVsz4QkMpC0vaBU7M=
github.com/llir/llvm v0.3.6 h1:Zh9vd8EOMDgwRAg43+VkOwnXISXIPyTzoNH89LLX5eM=
github.com/llir/llvm v0.3.6/go.mod h1:2vIck7uj3cIuZqx5cLXxB9lD6bT2JtgXcMD0u3WbfOo=
github.com/mattn/go-colorable v0.1.13 h1:fFA4WZxdEF4tXPZVKMLwD8oUnCTTo08duU7wxecdEvA=
github.com/mattn/go-colorable v0.1.13/go.mod h1:7S9/ev0klgBDR4GtXTXX8a3vIGJpMovkB8vQcUbaXHg=
github.com/mattn/go-isatty v0.0.16/go.mod h1:kYGgaQfpe5nmfYZH+SKPsOc2e4SrIfOl2e/yFXSvRLM=
github.com/mattn/go-isatty v0.0.19 h1:JITubQf0MOLdlGRuRq+jtsDlekdYPia9ZFsB8h/APPA=
github.com/mattn/go-isatty v0.0.19/go.mod h1:W+V8PltTTMOvKvAeJH7IuucS94S2C6jfK/D7dTCTo3Y=
github.com/mewmew/float v0.0.0-20201204173432-505706aa38fa h1:R27wrYHe8Zik4z/EV8xxfoH3cwMJw3qI4xsI3yYkGDQ=
github.com/mewmew/float v0.0.0-20201204173432-505706aa38fa/go.mod h1:O+xb+8ycBNHzJicFVs7GRWtruD4tVZI0huVnw5TM01E=
github.com/petersalex27/yew-packages v0.0.0-20231117204400-6469a3ddd0b0 h1:ix62q8ny+uzAkn8VdOsKGI0+bgEM5YG3/V+OMkJ7UqE=
github.com/petersalex27/yew-packages v0.0.0-20231117204400-6469a3ddd0b0/go.mod h1:f2isy8wSZkx5heSRBcqQCdjkNVpaNRM70e7Bx8+j4f8=
github.com/petersalex27/yew-packages/bridge v0.0.0-20231011161121-bff57e72ddea h1:nNMdB9UpIIldPcKxOvDSyMgh8I/OLjgrWiFAUaMLd/o=
github.com/petersalex27/yew-packages/bridge v0.0.0-20231011161121-bff57e72ddea/go.mod h1:4e7kip7m+TmTJzIptuvXKdk0CIr3toXgmpDmx96VImQ=
github.com/petersalex27/yew-packages/bridge v0.0.0-20231117204400-6469a3ddd0b0 h1:XEMZKdNKxReZHyABqdKxdnpB5crVcazXLKqziJ/1YdM=
github.com/petersalex27/yew-packages/bridge v0.0.0-20231117204400-6469a3ddd0b0/go.mod h1:4e7kip7m+TmTJzIptuvXKdk0CIr3toXgmpDmx96VImQ=
github.com/petersalex27/yew-packages/bridge v0.0.0-20231117212446-c13763783769 h1:NXCYH8psa0jlSh8OrKbacfYbx+OSvYE5NFVKoy/yAO0=
github.com/petersalex27/yew-packages/bridge v0.0.0-20231117212446-c13763783769/go.mod h1:4e7kip7m+TmTJzIptuvXKdk0CIr3toXgmpDmx96VImQ=
github.com/petersalex27/yew-packages/bridge v0.0.0-20231119184121-a1b462018a6e h1:bFZZNdukmZHrZzzGhGcj78KhvaRTwX/OUMAMQp2r7UI=
github.com/petersalex27/yew-packages/bridge v0.0.0-20231119184121-a1b462018a6e/go.mod h1:4e7kip7m+TmTJzIptuvXKdk0CIr3toXgmpDmx96VImQ=
github.com/petersalex27/yew-packages/equality v0.0.0-20231003031741-ea929e3ab360 h1:Dd+EYslptHmdI0DdSLr4j+aLs1IcCSChcGhhz3v+22A=
github.com/petersalex27/yew-packages/equality v0.0.0-20231003031741-ea929e3ab360/go.mod h1:9FSrD3+EndW0JShE7heNtzqxxCJzJS7qQI3AsEQ83Ew=
github.com/petersalex27/yew-packages/errors v0.0.0-20231003031741-ea929e3ab360 h1:wqnSG28u7k4Nbaxte2b63N+6BeJaE1j37YII5g6Meq4=
github.com/petersalex27/yew-packages/errors v0.0.0-20231003031741-ea929e3ab360/go.mod h1:yO3ffngpvziJJ9bkL6LAE1JA3ILbd0mpICJ59R4OgzY=
github.com/petersalex27/yew-packages/expr v0.0.0-20231011161121-bff57e72ddea h1:Nq9KeJEOgpdAMVYP6YQNVz7575bfoXMYNVBZnBbcfNU=
github.com/petersalex27/yew-packages/expr v0.0.0-20231011161121-bff57e72ddea/go.mod h1:bUHfnTn2TABcDRJJXU17BQo6I53ANt65yTHr9MHukw4=
github.com/petersalex27/yew-packages/expr v0.0.0-20231027014743-8a336f2b97bc h1:gaVmzhvB8P3cD58gk3r4tTr58hqKnriLcjl5v1FXWng=
github.com/petersalex27/yew-packages/expr v0.0.0-20231027014743-8a336f2b97bc/go.mod h1:bUHfnTn2TABcDRJJXU17BQo6I53ANt65yTHr9MHukw4=
github.com/petersalex27/yew-packages/expr v0.0.0-20231027224046-d65092c119fb h1:YFxG7828fCsjFV59jsDy+iulFgh++DiAslqOBoyk5Qo=
github.com/petersalex27/yew-packages/expr v0.0.0-20231027224046-d65092c119fb/go.mod h1:bUHfnTn2TABcDRJJXU17BQo6I53ANt65yTHr9MHukw4=
github.com/petersalex27/yew-packages/expr v0.0.0-20231028190155-c4b6b9392e07 h1:9sq2DW1tp67p0E4Yu0LjXjZ2kx9weL+cyKiBzHoJkfY=
github.com/petersalex27/yew-packages/expr v0.0.0-20231028190155-c4b6b9392e07/go.mod h1:bUHfnTn2TABcDRJJXU17BQo6I53ANt65yTHr9MHukw4=
github.com/petersalex27/yew-packages/expr v0.0.0-20231029021703-f71dbb0fd093 h1:NW0AVygW7Ty8MXRCsl5QFvVUhZZEq9AJPR98xqwaX3c=
github.com/petersalex27/yew-packages/expr v0.0.0-20231029021703-f71dbb0fd093/go.mod h1:bUHfnTn2TABcDRJJXU17BQo6I53ANt65yTHr9MHukw4=
github.com/petersalex27/yew-packages/expr v0.0.0-20231117204400-6469a3ddd0b0 h1:wPF9HqFeJPNKYX6x6zQG5lrXYRj3uLyigbS1wesWnj4=
github.com/petersalex27/yew-packages/expr v0.0.0-20231117204400-6469a3ddd0b0/go.mod h1:bUHfnTn2TABcDRJJXU17BQo6I53ANt65yTHr9MHukw4=
github.com/petersalex27/yew-packages/expr v0.0.0-20231119184121-a1b462018a6e h1:Spu1u6PwjpRP2o8B/fhYX1BaWYJMRi5VVwsTAKXvTy0=
github.com/petersalex27/yew-packages/expr v0.0.0-20231119184121-a1b462018a6e/go.mod h1:bUHfnTn2TABcDRJJXU17BQo6I53ANt65yTHr9MHukw4=
github.com/petersalex27/yew-packages/fun v0.0.0-20231003031741-ea929e3ab360 h1:ozRSkSH3Mv5d1sApNNG9Km/GoKpMSeJVEJ+W4Mq8JoA=
github.com/petersalex27/yew-packages/fun v0.0.0-20231003031741-ea929e3ab360/go.mod h1:IUku/vaCvNChsy43bc2Ztgm4jGyYZUJKmtY2oUAecIY=
github.com/petersalex27/yew-packages/fun v0.0.0-20231119184121-a1b462018a6e h1:FSuta1G9llrAs8hlitFMGNsQDjTlT0V7OysOzsZraOw=
github.com/petersalex27/yew-packages/fun v0.0.0-20231119184121-a1b462018a6e/go.mod h1:IUku/vaCvNChsy43bc2Ztgm4jGyYZUJKmtY2oUAecIY=
github.com/petersalex27/yew-packages/inf v0.0.0-20231117212446-c13763783769 h1:hDDXEt4Y7/MwDkbdqJZ8XoWtmX0LnmroJyOez+oi7es=
github.com/petersalex27/yew-packages/inf v0.0.0-20231117212446-c13763783769/go.mod h1:QYiAULsf5otbX88SjmmlSd+pMP/eNIYIbihhlPx8J/I=
github.com/petersalex27/yew-packages/inf v0.0.0-20231119184121-a1b462018a6e h1:cOmFaiQ2xOxC4ONsDvQ/LfIMi86+uQanYR5xHpbCqiU=
github.com/petersalex27/yew-packages/inf v0.0.0-20231119184121-a1b462018a6e/go.mod h1:QYiAULsf5otbX88SjmmlSd+pMP/eNIYIbihhlPx8J/I=
github.com/petersalex27/yew-packages/inf v0.0.0-20231120195944-7575714a47f8 h1:CrSy0hRw6QKn+3tL7uimh+vZJgfwQzH/Qt/6emrRi7w=
github.com/petersalex27/yew-packages/inf v0.0.0-20231120195944-7575714a47f8/go.mod h1:QYiAULsf5otbX88SjmmlSd+pMP/eNIYIbihhlPx8J/I=
github.com/petersalex27/yew-packages/inf v0.0.0-20231120220133-c1642eb50499 h1:pSqjF4/q/1pRlzCg0GsrXZKMwSbFGrslp71ozRVOdso=
github.com/petersalex27/yew-packages/inf v0.0.0-20231120220133-c1642eb50499/go.mod h1:QYiAULsf5otbX88SjmmlSd+pMP/eNIYIbihhlPx8J/I=
github.com/petersalex27/yew-packages/inf v0.0.0-20231130185237-677f0b80c2a4 h1:NNqORmHteSugO2+djB0OoLKyLAFoMpzXM4ebE252/VE=
github.com/petersalex27/yew-packages/inf v0.0.0-20231130185237-677f0b80c2a4/go.mod h1:QYiAULsf5otbX88SjmmlSd+pMP/eNIYIbihhlPx8J/I=
github.com/petersalex27/yew-packages/lexer v0.0.0-20231005234018-86372fe4a5de h1:3S82OmW/yQQnV5erZp4u1bXZ1DfB9hHhIPEZCUfInZ0=
github.com/petersalex27/yew-packages/lexer v0.0.0-20231005234018-86372fe4a5de/go.mod h1:D4JrE+0J0hQ8qc3GPINHw/xyuehtWn6FapJN6jI7IiM=
github.com/petersalex27/yew-packages/lexer v0.0.0-20231030021721-504772a608ea h1:PC4TGgdizLAkY6CYUKiohs4KVtcJYLxtwvneCS07Ndk=
github.com/petersalex27/yew-packages/lexer v0.0.0-20231030021721-504772a608ea/go.mod h1:D4JrE+0J0hQ8qc3GPINHw/xyuehtWn6FapJN6jI7IiM=
github.com/petersalex27/yew-packages/lexer v0.0.0-20231031085141-ca72dccf15bb h1:W0V7e3l5bDkTLEZxkMwc7vUzzgRyAVCfSKHOvqJNkB8=
github.com/petersalex27/yew-packages/lexer v0.0.0-20231031085141-ca72dccf15bb/go.mod h1:D4JrE+0J0hQ8qc3GPINHw/xyuehtWn6FapJN6jI7IiM=
github.com/petersalex27/yew-packages/lexer v0.0.0-20231031090725-8c697a8fffdd h1:/I8jeKWRLw1P/RSOjYArseXLI2BzCDHsHMAqLGZHvNU=
github.com/petersalex27/yew-packages/lexer v0.0.0-20231031090725-8c697a8fffdd/go.mod h1:D4JrE+0J0hQ8qc3GPINHw/xyuehtWn6FapJN6jI7IiM=
github.com/petersalex27/yew-packages/lexer v0.0.0-20231031092749-cb3d7dc03874 h1:P8EFNomRzOkUY3t+7GwXiHG7n7aYmufwX2br/hbklqw=
github.com/petersalex27/yew-packages/lexer v0.0.0-20231031092749-cb3d7dc03874/go.mod h1:D4JrE+0J0hQ8qc3GPINHw/xyuehtWn6FapJN6jI7IiM=
github.com/petersalex27/yew-packages/lexer v0.0.0-20231031093007-acf889ac9507 h1:n++8MZUSW7kk6PNWBf2OB3dkJ+WxsqmLuVHUUH9W3+A=
github.com/petersalex27/yew-packages/lexer v0.0.0-20231031093007-acf889ac9507/go.mod h1:D4JrE+0J0hQ8qc3GPINHw/xyuehtWn6FapJN6jI7IiM=
github.com/petersalex27/yew-packages/lexer v0.0.0-20231031095200-67dc792c16b6 h1:7/jWfb1QqwDELjVUuUexCClclvPcTs+nnAJUcNftzyY=
github.com/petersalex27/yew-packages/lexer v0.0.0-20231031095200-67dc792c16b6/go.mod h1:D4JrE+0J0hQ8qc3GPINHw/xyuehtWn6FapJN6jI7IiM=
github.com/petersalex27/yew-packages/lexer v0.0.0-20231101070426-dc212abb8410 h1:Fo4WcH+f2OWPjsy2BZGjwXpVan8PQhvFOS23JFmx+Pg=
github.com/petersalex27/yew-packages/lexer v0.0.0-20231101070426-dc212abb8410/go.mod h1:D4JrE+0J0hQ8qc3GPINHw/xyuehtWn6FapJN6jI7IiM=
github.com/petersalex27/yew-packages/lexer v0.0.0-20231101070943-9dfcf8a43196 h1:eqgzzFczzFYRE1e01iQ7BKLKRbaXxOVv9eG0tpcr/cc=
github.com/petersalex27/yew-packages/lexer v0.0.0-20231101070943-9dfcf8a43196/go.mod h1:D4JrE+0J0hQ8qc3GPINHw/xyuehtWn6FapJN6jI7IiM=
github.com/petersalex27/yew-packages/nameable v0.0.0-20231003031741-ea929e3ab360 h1:2ZFRdZTBLBBCA06V5sFreXwiplyJ3PJwOUTC+N/TzL0=
github.com/petersalex27/yew-packages/nameable v0.0.0-20231003031741-ea929e3ab360/go.mod h1:F9amyHu+dehoAn92BeuZhqJKzY90cut9FYYCeyP7p6M=
github.com/petersalex27/yew-packages/nameable v0.0.0-20231117212446-c13763783769 h1:SslflK6yrJpND6yfdTZj8FpMG0O8489bPmjgF8wQcpk=
github.com/petersalex27/yew-packages/nameable v0.0.0-20231117212446-c13763783769/go.mod h1:F9amyHu+dehoAn92BeuZhqJKzY90cut9FYYCeyP7p6M=
github.com/petersalex27/yew-packages/parser v0.0.0-20231010022506-2e69eed1f223 h1:HB14Ef8UVqqaS1yWjGPY5OTSduN7KLS2lxrfqXN2+Kg=
github.com/petersalex27/yew-packages/parser v0.0.0-20231010022506-2e69eed1f223/go.mod h1:r5uL+cTwk4owI9MkLEmhb9lLbI7nzKSupOI1I4xxRBM=
github.com/petersalex27/yew-packages/parser v0.0.0-20231031015540-24a59fa3be45 h1:x8ST05BejC/2bpixF1demK3++as+cocRKLirRK50gr4=
github.com/petersalex27/yew-packages/parser v0.0.0-20231031015540-24a59fa3be45/go.mod h1:r5uL+cTwk4owI9MkLEmhb9lLbI7nzKSupOI1I4xxRBM=
github.com/petersalex27/yew-packages/parser v0.0.0-20231031021409-4c9227f1c059 h1:DhlXpMFby++G4E9m670c7IJhmsuxFmgMeJo2hxvqqh8=
github.com/petersalex27/yew-packages/parser v0.0.0-20231031021409-4c9227f1c059/go.mod h1:r5uL+cTwk4owI9MkLEmhb9lLbI7nzKSupOI1I4xxRBM=
github.com/petersalex27/yew-packages/parser v0.0.0-20231104215504-b0b077579199 h1:kDYJbfLfRG22z/KHMPtufzQdqgs93EsxTQGMvY84Lv0=
github.com/petersalex27/yew-packages/parser v0.0.0-20231104215504-b0b077579199/go.mod h1:r5uL+cTwk4owI9MkLEmhb9lLbI7nzKSupOI1I4xxRBM=
github.com/petersalex27/yew-packages/parser v0.0.0-20231106230528-24e349e34493 h1:ul4nWlqVMuaKrnzBIj8IVPOnP7+OzMnm6QK6UVsNJiU=
github.com/petersalex27/yew-packages/parser v0.0.0-20231106230528-24e349e34493/go.mod h1:r5uL+cTwk4owI9MkLEmhb9lLbI7nzKSupOI1I4xxRBM=
github.com/petersalex27/yew-packages/parser v0.0.0-20231117204400-6469a3ddd0b0 h1:8vEXPfjV6RU3nfoCh/gje79UtPFLj5kYyeFGEnzTAoM=
github.com/petersalex27/yew-packages/parser v0.0.0-20231117204400-6469a3ddd0b0/go.mod h1:r5uL+cTwk4owI9MkLEmhb9lLbI7nzKSupOI1I4xxRBM=
github.com/petersalex27/yew-packages/parser v0.0.0-20231123174942-393451f82179 h1:GWTOL7SiH6N7rV1YIiTNe8H9fEf6u7DlaCkFn7i6Usk=
github.com/petersalex27/yew-packages/parser v0.0.0-20231123174942-393451f82179/go.mod h1:r5uL+cTwk4owI9MkLEmhb9lLbI7nzKSupOI1I4xxRBM=
github.com/petersalex27/yew-packages/parser v0.0.0-20231124153732-773f9a04791c h1:+fq1hjWWgPYBxjs6K5slZDYKHnBlxSmlceAirRos/fE=
github.com/petersalex27/yew-packages/parser v0.0.0-20231124153732-773f9a04791c/go.mod h1:r5uL+cTwk4owI9MkLEmhb9lLbI7nzKSupOI1I4xxRBM=
github.com/petersalex27/yew-packages/parser v0.0.0-20231124163426-df7a080449d3 h1:Bd09NErtcFaNWjh3LQJplDhnogyv0hoCW5KIKu0OHp4=
github.com/petersalex27/yew-packages/parser v0.0.0-20231124163426-df7a080449d3/go.mod h1:r5uL+cTwk4owI9MkLEmhb9lLbI7nzKSupOI1I4xxRBM=
github.com/petersalex27/yew-packages/parser v0.0.0-20231124173808-bb20117ee2ea h1:cBW6wSpbNQCxkebDaxtzOwAvN8QBN57oSWUHXKUJxDQ=
github.com/petersalex27/yew-packages/parser v0.0.0-20231124173808-bb20117ee2ea/go.mod h1:r5uL+cTwk4owI9MkLEmhb9lLbI7nzKSupOI1I4xxRBM=
github.com/petersalex27/yew-packages/parser v0.0.0-20231124175142-d6b81cb28772 h1:VxLyfmsJ6/8zb6E7HdZipPJ111QJqvwF5/x6p7xPZaE=
github.com/petersalex27/yew-packages/parser v0.0.0-20231124175142-d6b81cb28772/go.mod h1:r5uL+cTwk4owI9MkLEmhb9lLbI7nzKSupOI1I4xxRBM=
github.com/petersalex27/yew-packages/parser v0.0.0-20231124180450-582e583010d7 h1:rxUOzVRS27ioPEKPXjCSsmn1fHu70FHAidm6UyLkmCc=
github.com/petersalex27/yew-packages/parser v0.0.0-20231124180450-582e583010d7/go.mod h1:r5uL+cTwk4owI9MkLEmhb9lLbI7nzKSupOI1I4xxRBM=
github.com/petersalex27/yew-packages/parser v0.0.0-20231124181255-f680491f0f61 h1:FDj2knkN3zwMz4nTQ9Q3bORSla7xsrgC2j4GjD8sgGE=
github.com/petersalex27/yew-packages/parser v0.0.0-20231124181255-f680491f0f61/go.mod h1:r5uL+cTwk4owI9MkLEmhb9lLbI7nzKSupOI1I4xxRBM=
github.com/petersalex27/yew-packages/parser v0.0.0-20231126173828-0ca23c1a3627 h1:j9mYavDx4GvI7blXqvwzBBfOm3yPTJfojuJVdJiut9A=
github.com/petersalex27/yew-packages/parser v0.0.0-20231126173828-0ca23c1a3627/go.mod h1:r5uL+cTwk4owI9MkLEmhb9lLbI7nzKSupOI1I4xxRBM=
github.com/petersalex27/yew-packages/parser v0.0.0-20231128191705-0daf3f4400d0 h1://0EjNRAZzZvboDmcaKSX19V7HB4wFKWciKeoK+VUUU=
github.com/petersalex27/yew-packages/parser v0.0.0-20231128191705-0daf3f4400d0/go.mod h1:r5uL+cTwk4owI9MkLEmhb9lLbI7nzKSupOI1I4xxRBM=
github.com/petersalex27/yew-packages/parser v0.0.0-20231130184454-61d5ef99ba49 h1:2hqn/7LLU3qIs4iPYvDDwZo2Q1bOYCCKaQ6UCdz1X4k=
github.com/petersalex27/yew-packages/parser v0.0.0-20231130184454-61d5ef99ba49/go.mod h1:r5uL+cTwk4owI9MkLEmhb9lLbI7nzKSupOI1I4xxRBM=
github.com/petersalex27/yew-packages/parser v0.0.0-20231130185237-677f0b80c2a4 h1:wnVdmyIkTU5GXSZZ3TvoIRKluIb6+R1MW9NydmSlEoM=
github.com/petersalex27/yew-packages/parser v0.0.0-20231130185237-677f0b80c2a4/go.mod h1:r5uL+cTwk4owI9MkLEmhb9lLbI7nzKSupOI1I4xxRBM=
github.com/petersalex27/yew-packages/parser v0.0.0-20231130193847-c144040c9430 h1:TG1rLigglOWlzyt+7rmHz+9WFZxNFq3e4taK+T9tDig=
github.com/petersalex27/yew-packages/parser v0.0.0-20231130193847-c144040c9430/go.mod h1:r5uL+cTwk4owI9MkLEmhb9lLbI7nzKSupOI1I4xxRBM=
github.com/petersalex27/yew-packages/parser v0.0.0-20231130195736-b4cc07f75e42 h1:tyWIod/QCb/q5PP6Gt+u8lnPvq/Bh4+7CUZjQtwkJMQ=
github.com/petersalex27/yew-packages/parser v0.0.0-20231130195736-b4cc07f75e42/go.mod h1:r5uL+cTwk4owI9MkLEmhb9lLbI7nzKSupOI1I4xxRBM=
github.com/petersalex27/yew-packages/parser v0.0.0-20231209172752-fcafa2e44ad9 h1:WoeX5VQUu10B1+6LLdJUouluw8xoRfkKOyfsjoG3SzQ=
github.com/petersalex27/yew-packages/parser v0.0.0-20231209172752-fcafa2e44ad9/go.mod h1:r5uL+cTwk4owI9MkLEmhb9lLbI7nzKSupOI1I4xxRBM=
github.com/petersalex27/yew-packages/source v0.0.0-20231005234018-86372fe4a5de h1:3g4E0QdbfQTsGpzyqYsSUoJ8qqJo1rD2BDGDM3QmiMg=
github.com/petersalex27/yew-packages/source v0.0.0-20231005234018-86372fe4a5de/go.mod h1:Kqf+tQSWdIsH+ss0SWIZxUhsGGMAxe+zbLf9Iz8SgQU=
github.com/petersalex27/yew-packages/stringable v0.0.0-20231003031741-ea929e3ab360 h1:Puvxt0KuP0EphqYLFuzlk90YcQEXctRvTxLS5TQVWR4=
github.com/petersalex27/yew-packages/stringable v0.0.0-20231003031741-ea929e3ab360/go.mod h1:SR30aaaPS4DBu/akw9QURHNdnw0tT9/dliWjUyIatKs=
github.com/petersalex27/yew-packages/table v0.0.0-20231117212446-c13763783769 h1:vNwl3BNCIKhRsPhDNB+41VqWJtb9FSp2diWxLoMKoDM=
github.com/petersalex27/yew-packages/table v0.0.0-20231117212446-c13763783769/go.mod h1:kDd7iBYcoRJU5oHvqQeaHBRz5f68If+/YE/NpkK0spc=
github.com/petersalex27/yew-packages/token v0.0.0-20231003031741-ea929e3ab360 h1:vVpMGI+odL4AXmr/ycIzJL5DNexffBUgiV7sjLSDn0I=
github.com/petersalex27/yew-packages/token v0.0.0-20231003031741-ea929e3ab360/go.mod h1:P1WuiSyoOleawWvEzWT3ZRWg/nQrv9AEXBn4DEWwgqQ=
github.com/petersalex27/yew-packages/types v0.0.0-20231010022506-2e69eed1f223 h1:jIFc4cQVG1VYsqtb5cH09zTFnMMkMYsENicE/BA5HJk=
github.com/petersalex27/yew-packages/types v0.0.0-20231010022506-2e69eed1f223/go.mod h1:L7iG2eFJTl39evmTUUUINhlzn/w3hdkdBFucVnH0Y34=
github.com/petersalex27/yew-packages/types v0.0.0-20231117204400-6469a3ddd0b0 h1:amYUJk+Z7E2g36rn5j7I42EZhOQ6TQ/w5LSuYh17MFs=
github.com/petersalex27/yew-packages/types v0.0.0-20231117204400-6469a3ddd0b0/go.mod h1:L7iG2eFJTl39evmTUUUINhlzn/w3hdkdBFucVnH0Y34=
github.com/petersalex27/yew-packages/types v0.0.0-20231130185237-677f0b80c2a4 h1:8HRcT5AYlnzNkNmGiqmnI2OQxO0PdTueE9mRvPEWfLE=
github.com/petersalex27/yew-packages/types v0.0.0-20231130185237-677f0b80c2a4/go.mod h1:L7iG2eFJTl39evmTUUUINhlzn/w3hdkdBFucVnH0Y34=
github.com/petersalex27/yew-packages/util v0.0.0-20231003031741-ea929e3ab360 h1:tDYhaFLuIDY0sVWblAr4ftzUFBNKVaP07K0wkv/iTZ4=
github.com/petersalex27/yew-packages/util v0.0.0-20231003031741-ea929e3ab360/go.mod h1:zDtG3xFP3nukNZ1tVun7j5q9FhLediwYFLlXC/zTu0c=
github.com/petersalex27/yew-packages/util v0.0.0-20231027014743-8a336f2b97bc h1:glyXxOPb87SL1CCJZs3uswY5Y2/xxa0IDuZc+TGCkJM=
github.com/petersalex27/yew-packages/util v0.0.0-20231027014743-8a336f2b97bc/go.mod h1:zDtG3xFP3nukNZ1tVun7j5q9FhLediwYFLlXC/zTu0c=
github.com/petersalex27/yew-packages/util v0.0.0-20231028213157-d772f5bf828c h1:2KzOlwU6QFN18cLkjSSX/FmHOHeEJB39PzcbAGOjpgo=
github.com/petersalex27/yew-packages/util v0.0.0-20231028213157-d772f5bf828c/go.mod h1:zDtG3xFP3nukNZ1tVun7j5q9FhLediwYFLlXC/zTu0c=
github.com/petersalex27/yew-packages/util v0.0.0-20231101051618-fca6c86b05f0 h1:G0rf7D5JAGwM3WvpmMQpDPlB4fD+OPenzmtJ+kIHYig=
github.com/petersalex27/yew-packages/util v0.0.0-20231101051618-fca6c86b05f0/go.mod h1:zDtG3xFP3nukNZ1tVun7j5q9FhLediwYFLlXC/zTu0c=
github.com/petersalex27/yew-packages/util v0.0.0-20231102213652-00000dbc092f h1:wMzNWz2Q6TnEqtaJJI7VNZTVGBn9QJw/+B5cd9WCL/c=
github.com/petersalex27/yew-packages/util v0.0.0-20231102213652-00000dbc092f/go.mod h1:zDtG3xFP3nukNZ1tVun7j5q9FhLediwYFLlXC/zTu0c=
github.com/petersalex27/yew-packages/util v0.0.0-20231105210912-9f22ce244cd5 h1:Nn+eQiedDBNZiO82WcFKPUIH6qWYvXFj4W9en+wx8OA=
github.com/petersalex27/yew-packages/util v0.0.0-20231105210912-9f22ce244cd5/go.mod h1:zDtG3xFP3nukNZ1tVun7j5q9FhLediwYFLlXC/zTu0c=
github.com/petersalex27/yew-packages/util v0.0.0-20231107060739-5fc35cb1c353 h1:8mQ1tj5zFjcZJE8rDhj0fCnNPfgWW/Vj5cPkDsmOaP8=
github.com/petersalex27/yew-packages/util v0.0.0-20231107060739-5fc35cb1c353/go.mod h1:zDtG3xFP3nukNZ1tVun7j5q9FhLediwYFLlXC/zTu0c=
github.com/pkg/errors v0.9.1 h1:FEBLx1zS214owpjy7qsBeixbURkuhQAwrK5UwLGTwt4=
github.com/pkg/errors v0.9.1/go.mod h1:bwawxfHBFNV+L2hUp1rHADufV3IMtnDRdf1r5NINEl0=
github.com/yuin/goldmark v1.3.5/go.mod h1:mwnBkeHKe2W/ZEtQ+71ViKU8L12m81fl3OWwC1Zlc8k=
golang.org/x/crypto v0.0.0-20190308221718-c2843e01d9a2/go.mod h1:djNgcEr1/C05ACkg1iLfiJU5Ep61QUkGW8qpdssI0+w=
golang.org/x/crypto v0.0.0-20191011191535-87dc89f01550/go.mod h1:yigFU9vqHzYiE8UmvKecakEJjdnWj3jj499lnFckfCI=
golang.org/x/exp v0.0.0-20230515195305-f3d0a9c9a5cc h1:mCRnTeVUjcrhlRmO0VK8a6k6Rrf6TF9htwo2pJVSjIU=
golang.org/x/exp v0.0.0-20230515195305-f3d0a9c9a5cc/go.mod h1:V1LtkGg67GoY2N1AnLN78QLrzxkLyJw7RJb1gzOOz9w=
golang.org/x/mod v0.4.2 h1:Gz96sIWK3OalVv/I/qNygP42zyoKp3xptRVCWRFEBvo=
golang.org/x/mod v0.4.2/go.mod h1:s0Qsj1ACt9ePp/hMypM3fl4fZqREWJwdYDEqhRiZZUA=
golang.org/x/mod v0.6.0/go.mod h1:4mET923SAdbXp2ki8ey+zGs1SLqsuM2Y0uvdZR/fUNI=
golang.org/x/net v0.0.0-20190404232315-eb5bcb51f2a3/go.mod h1:t9HGtf8HONx5eT2rtn7q6eTqICYqUVnKs3thJo3Qplg=
golang.org/x/net v0.0.0-20190620200207-3b0461eec859/go.mod h1:z5CRVTTTmAJ677TzLLGU+0bjPO0LkuOLi4/5GtJWs/s=
golang.org/x/net v0.0.0-20210405180319-a5a99cb37ef4/go.mod h1:p54w0d4576C0XHj96bSt6lcn1PtDYWL6XObtHCRCNQM=
golang.org/x/sync v0.0.0-20190423024810-112230192c58/go.mod h1:RxMgew5VJxzue5/jJTE5uejpjVlOe/izrB70Jof72aM=
golang.org/x/sync v0.0.0-20210220032951-036812b2e83c/go.mod h1:RxMgew5VJxzue5/jJTE5uejpjVlOe/izrB70Jof72aM=
golang.org/x/sys v0.0.0-20190215142949-d0b11bdaac8a/go.mod h1:STP8DvDyc/dI5b8T5hshtkjS+E42TnysNCUPdjciGhY=
golang.org/x/sys v0.0.0-20190412213103-97732733099d/go.mod h1:h1NjWce9XRLGQEsW7wpKNCjG9DtNlClVuFLEZdDNbEs=
golang.org/x/sys v0.0.0-20201119102817-f84b799fce68/go.mod h1:h1NjWce9XRLGQEsW7wpKNCjG9DtNlClVuFLEZdDNbEs=
golang.org/x/sys v0.0.0-20210330210617-4fbd30eecc44/go.mod h1:h1NjWce9XRLGQEsW7wpKNCjG9DtNlClVuFLEZdDNbEs=
golang.org/x/sys v0.0.0-20210510120138-977fb7262007/go.mod h1:oPkhp1MJrh7nUepCBck5+mAzfO9JrbApNNgaTdGDITg=
golang.org/x/sys v0.0.0-20220811171246-fbc7d0a398ab/go.mod h1:oPkhp1MJrh7nUepCBck5+mAzfO9JrbApNNgaTdGDITg=
golang.org/x/sys v0.6.0/go.mod h1:oPkhp1MJrh7nUepCBck5+mAzfO9JrbApNNgaTdGDITg=
golang.org/x/sys v0.12.0 h1:CM0HF96J0hcLAwsHPJZjfdNzs0gftsLfgKt57wWHJ0o=
golang.org/x/sys v0.12.0/go.mod h1:oPkhp1MJrh7nUepCBck5+mAzfO9JrbApNNgaTdGDITg=
golang.org/x/term v0.0.0-20201126162022-7de9c90e9dd1/go.mod h1:bj7SfCRtBDWHUb9snDiAeCFNEtKQo2Wmx5Cou7ajbmo=
golang.org/x/text v0.3.0/go.mod h1:NqM8EUOU14njkJ3fqMW+pc6Ldnwhi/IjpwHt7yyuwOQ=
golang.org/x/text v0.3.3/go.mod h1:5Zoc/QRtKVWzQhOtBMvqHzDpF6irO9z98xDceosuGiQ=
golang.org/x/tools v0.0.0-20180917221912-90fa682c2a6e/go.mod h1:n7NCudcB/nEzxVGmLbDWY5pfWTLqBcC2KZ6jyYvM4mQ=
golang.org/x/tools v0.0.0-20191119224855-298f0cb1881e/go.mod h1:b+2E5dAYhXwXZwtnZ6UAqBI28+e2cm9otk0dWdXHAEo=
golang.org/x/tools v0.1.4 h1:cVngSRcfgyZCzys3KYOpCFa+4dqX/Oub9tAq00ttGVs=
golang.org/x/tools v0.1.4/go.mod h1:o0xws9oXOQQZyjljx8fwUC0k7L1pTE6eaCbjGeHmOkk=
golang.org/x/tools v0.2.0/go.mod h1:y4OqIKeOV/fWJetJ8bXPU1sEVniLMIyDAZWeHdV+NTA=
golang.org/x/xerrors v0.0.0-20190717185122-a985d3407aa7/go.mod h1:I/5z698sn9Ka8TeJc9MKroUUfqBBauWjQqLJ2OPfmY0=
golang.org/x/xerrors v0.0.0-20191011141410-1b5146add898/go.mod h1:I/5z698sn9Ka8TeJc9MKroUUfqBBauWjQqLJ2OPfmY0=
golang.org/x/xerrors v0.0.0-20200804184101-5ec99f83aff1 h1:go1bK/D/BFZV2I8cIQd1NKEZ+0owSTG1fDTci4IqFcE=
golang.org/x/xerrors v0.0.0-20200804184101-5ec99f83aff1/go.mod h1:I/5z698sn9Ka8TeJc9MKroUUfqBBauWjQqLJ2OPfmY0=
